
Microsoft Visual Studio Solution File, Format Version 12.00
# Visual Studio Version 16
VisualStudioVersion = 16.0.30114.105
MinimumVisualStudioVersion = 10.0.40219.1
Project("{9A19103F-16F7-4668-BE54-9A1E7A4F7556}") = "GeneticAlgorithmProgram", "src\csharp\GeneticSharporithmProgram\GeneticAlgorithmProgram.csproj", "{33D141E5-215C-487A-A215-A9F188429B57}"
EndProject
Project("{9A19103F-16F7-4668-BE54-9A1E7A4F7556}") = "GeneticSharporithm", "src\csharp\GeneticSharporithm\GeneticSharporithm.csproj", "{03E75699-6B85-4949-8F81-5A401520518A}"
EndProject
Project("{9A19103F-16F7-4668-BE54-9A1E7A4F7556}") = "GeneticSharporithm.Mutation", "src\csharp\GeneticSharporithm.Mutation\GeneticSharporithm.Mutation.csproj", "{7380E158-489C-4EDD-8597-E69D17581583}"
EndProject
Project("{9A19103F-16F7-4668-BE54-9A1E7A4F7556}") = "GeneticSharporithm.Selection", "src\csharp\GeneticSharporithm.Selection\GeneticSharporithm.Selection.csproj", "{04F8FF76-C5D5-47E5-A946-E60B22ECDEB4}"
EndProject
Project("{9A19103F-16F7-4668-BE54-9A1E7A4F7556}") = "GeneticSharporithm.Core", "src\csharp\GeneticSharporithm.Core\GeneticSharporithm.Core.csproj", "{A9A20702-DF93-4826-B834-F5FAC17659AD}"
EndProject
Project("{F2A71F9B-5D33-465A-A702-920D77279786}") = "GeneticFSharporithm", "src\fsharp\GeneticFSharporithm\GeneticFSharporithm.fsproj", "{117B1491-1A97-4309-8A6B-FA16C24F1AA6}"
EndProject
Project("{F2A71F9B-5D33-465A-A702-920D77279786}") = "GeneticFSharporithm.Tests", "test\GeneticFSharporithm.Tests\GeneticFSharporithm.Tests.fsproj", "{C2AE9139-605C-4CDA-8C88-36F2530CC909}"
EndProject
Global
	GlobalSection(SolutionConfigurationPlatforms) = preSolution
		Debug|Any CPU = Debug|Any CPU
		Debug|x64 = Debug|x64
		Release|Any CPU = Release|Any CPU
		Release|x64 = Release|x64
	EndGlobalSection
	GlobalSection(ProjectConfigurationPlatforms) = postSolution
		{33D141E5-215C-487A-A215-A9F188429B57}.Debug|Any CPU.ActiveCfg = Debug|x64
		{33D141E5-215C-487A-A215-A9F188429B57}.Debug|Any CPU.Build.0 = Debug|x64
		{33D141E5-215C-487A-A215-A9F188429B57}.Debug|x64.ActiveCfg = Debug|x64
		{33D141E5-215C-487A-A215-A9F188429B57}.Debug|x64.Build.0 = Debug|x64
		{33D141E5-215C-487A-A215-A9F188429B57}.Release|Any CPU.ActiveCfg = Release|x64
		{33D141E5-215C-487A-A215-A9F188429B57}.Release|Any CPU.Build.0 = Release|x64
		{33D141E5-215C-487A-A215-A9F188429B57}.Release|x64.ActiveCfg = Release|x64
		{33D141E5-215C-487A-A215-A9F188429B57}.Release|x64.Build.0 = Release|x64
		{03E75699-6B85-4949-8F81-5A401520518A}.Debug|Any CPU.ActiveCfg = Debug|x64
		{03E75699-6B85-4949-8F81-5A401520518A}.Debug|Any CPU.Build.0 = Debug|x64
		{03E75699-6B85-4949-8F81-5A401520518A}.Debug|x64.ActiveCfg = Debug|x64
		{03E75699-6B85-4949-8F81-5A401520518A}.Debug|x64.Build.0 = Debug|x64
		{03E75699-6B85-4949-8F81-5A401520518A}.Release|Any CPU.ActiveCfg = Release|x64
		{03E75699-6B85-4949-8F81-5A401520518A}.Release|Any CPU.Build.0 = Release|x64
		{03E75699-6B85-4949-8F81-5A401520518A}.Release|x64.ActiveCfg = Release|x64
		{03E75699-6B85-4949-8F81-5A401520518A}.Release|x64.Build.0 = Release|x64
		{7380E158-489C-4EDD-8597-E69D17581583}.Debug|Any CPU.ActiveCfg = Debug|Any CPU
		{7380E158-489C-4EDD-8597-E69D17581583}.Debug|Any CPU.Build.0 = Debug|Any CPU
		{7380E158-489C-4EDD-8597-E69D17581583}.Debug|x64.ActiveCfg = Debug|x64
		{7380E158-489C-4EDD-8597-E69D17581583}.Debug|x64.Build.0 = Debug|x64
		{7380E158-489C-4EDD-8597-E69D17581583}.Release|Any CPU.ActiveCfg = Release|Any CPU
		{7380E158-489C-4EDD-8597-E69D17581583}.Release|Any CPU.Build.0 = Release|Any CPU
		{7380E158-489C-4EDD-8597-E69D17581583}.Release|x64.ActiveCfg = Release|x64
		{7380E158-489C-4EDD-8597-E69D17581583}.Release|x64.Build.0 = Release|x64
		{04F8FF76-C5D5-47E5-A946-E60B22ECDEB4}.Debug|Any CPU.ActiveCfg = Debug|Any CPU
		{04F8FF76-C5D5-47E5-A946-E60B22ECDEB4}.Debug|Any CPU.Build.0 = Debug|Any CPU
		{04F8FF76-C5D5-47E5-A946-E60B22ECDEB4}.Debug|x64.ActiveCfg = Debug|x64
		{04F8FF76-C5D5-47E5-A946-E60B22ECDEB4}.Debug|x64.Build.0 = Debug|x64
		{04F8FF76-C5D5-47E5-A946-E60B22ECDEB4}.Release|Any CPU.ActiveCfg = Release|Any CPU
		{04F8FF76-C5D5-47E5-A946-E60B22ECDEB4}.Release|Any CPU.Build.0 = Release|Any CPU
		{04F8FF76-C5D5-47E5-A946-E60B22ECDEB4}.Release|x64.ActiveCfg = Release|x64
		{04F8FF76-C5D5-47E5-A946-E60B22ECDEB4}.Release|x64.Build.0 = Release|x64
		{A9A20702-DF93-4826-B834-F5FAC17659AD}.Debug|Any CPU.ActiveCfg = Debug|Any CPU
		{A9A20702-DF93-4826-B834-F5FAC17659AD}.Debug|Any CPU.Build.0 = Debug|Any CPU
		{A9A20702-DF93-4826-B834-F5FAC17659AD}.Debug|x64.ActiveCfg = Debug|x64
		{A9A20702-DF93-4826-B834-F5FAC17659AD}.Debug|x64.Build.0 = Debug|x64
		{A9A20702-DF93-4826-B834-F5FAC17659AD}.Release|Any CPU.ActiveCfg = Release|Any CPU
		{A9A20702-DF93-4826-B834-F5FAC17659AD}.Release|Any CPU.Build.0 = Release|Any CPU
		{A9A20702-DF93-4826-B834-F5FAC17659AD}.Release|x64.ActiveCfg = Release|x64
		{A9A20702-DF93-4826-B834-F5FAC17659AD}.Release|x64.Build.0 = Release|x64
		{117B1491-1A97-4309-8A6B-FA16C24F1AA6}.Debug|Any CPU.ActiveCfg = Debug|Any CPU
		{117B1491-1A97-4309-8A6B-FA16C24F1AA6}.Debug|Any CPU.Build.0 = Debug|Any CPU
		{117B1491-1A97-4309-8A6B-FA16C24F1AA6}.Debug|x64.ActiveCfg = Debug|Any CPU
		{117B1491-1A97-4309-8A6B-FA16C24F1AA6}.Debug|x64.Build.0 = Debug|Any CPU
		{117B1491-1A97-4309-8A6B-FA16C24F1AA6}.Release|Any CPU.ActiveCfg = Release|Any CPU
		{117B1491-1A97-4309-8A6B-FA16C24F1AA6}.Release|Any CPU.Build.0 = Release|Any CPU
		{117B1491-1A97-4309-8A6B-FA16C24F1AA6}.Release|x64.ActiveCfg = Release|Any CPU
		{117B1491-1A97-4309-8A6B-FA16C24F1AA6}.Release|x64.Build.0 = Release|Any CPU
		{C2AE9139-605C-4CDA-8C88-36F2530CC909}.Debug|Any CPU.ActiveCfg = Debug|Any CPU
		{C2AE9139-605C-4CDA-8C88-36F2530CC909}.Debug|Any CPU.Build.0 = Debug|Any CPU
		{C2AE9139-605C-4CDA-8C88-36F2530CC909}.Debug|x64.ActiveCfg = Debug|Any CPU
		{C2AE9139-605C-4CDA-8C88-36F2530CC909}.Debug|x64.Build.0 = Debug|Any CPU
		{C2AE9139-605C-4CDA-8C88-36F2530CC909}.Release|Any CPU.ActiveCfg = Release|Any CPU
		{C2AE9139-605C-4CDA-8C88-36F2530CC909}.Release|Any CPU.Build.0 = Release|Any CPU
		{C2AE9139-605C-4CDA-8C88-36F2530CC909}.Release|x64.ActiveCfg = Release|Any CPU
		{C2AE9139-605C-4CDA-8C88-36F2530CC909}.Release|x64.Build.0 = Release|Any CPU
	EndGlobalSection
	GlobalSection(SolutionProperties) = preSolution
		HideSolutionNode = FALSE
	EndGlobalSection
	GlobalSection(ExtensibilityGlobals) = postSolution
		SolutionGuid = {56746AE7-B5E1-429F-9ABC-1EF4161ABE7E}
	EndGlobalSection
EndGlobal
